
Microsoft Visual Studio Solution File, Format Version 12.00
# Visual Studio 15
VisualStudioVersion = 15.0.27428.2002
MinimumVisualStudioVersion = 10.0.40219.1
Project("{FAE04EC0-301F-11D3-BF4B-00C04F79EFBC}") = "LOL", "LOL\LOL.csproj", "{F60C48EA-F924-4BB6-ADF0-88CF91CA6A70}"
EndProject
Global
	GlobalSection(SolutionConfigurationPlatforms) = preSolution
		Debug|Any CPU = Debug|Any CPU
		Release|Any CPU = Release|Any CPU
	EndGlobalSection
	GlobalSection(ProjectConfigurationPlatforms) = postSolution
		{F60C48EA-F924-4BB6-ADF0-88CF91CA6A70}.Debug|Any CPU.ActiveCfg = Debug|Any CPU
		{F60C48EA-F924-4BB6-ADF0-88CF91CA6A70}.Debug|Any CPU.Build.0 = Debug|Any CPU
		{F60C48EA-F924-4BB6-ADF0-88CF91CA6A70}.Release|Any CPU.ActiveCfg = Release|Any CPU
		{F60C48EA-F924-4BB6-ADF0-88CF91CA6A70}.Release|Any CPU.Build.0 = Release|Any CPU
	EndGlobalSection
	GlobalSection(SolutionProperties) = preSolution
		HideSolutionNode = FALSE
	EndGlobalSection
	GlobalSection(ExtensibilityGlobals) = postSolution
		SolutionGuid = {E5288ADB-F192-4890-9B75-51D0F493C103}
	EndGlobalSection
EndGlobal
